
Microsoft Visual Studio Solution File, Format Version 12.00
# Visual Studio Version 17
VisualStudioVersion = 17.4.33205.214
MinimumVisualStudioVersion = 10.0.40219.1
Project("{9A19103F-16F7-4668-BE54-9A1E7A4F7556}") = "FacesApi", "FacesApi\FacesApi.csproj", "{840384E1-ADAF-45CD-BE3C-001E23844DE8}"
EndProject
Project("{9A19103F-16F7-4668-BE54-9A1E7A4F7556}") = "FacesApiTest", "FacesApiTest\FacesApiTest.csproj", "{4D05AB04-948F-42FD-8AD0-1FCE83F3CA34}"
EndProject
Global
	GlobalSection(SolutionConfigurationPlatforms) = preSolution
		Debug|Any CPU = Debug|Any CPU
		Release|Any CPU = Release|Any CPU
	EndGlobalSection
	GlobalSection(ProjectConfigurationPlatforms) = postSolution
		{840384E1-ADAF-45CD-BE3C-001E23844DE8}.Debug|Any CPU.ActiveCfg = Debug|Any CPU
		{840384E1-ADAF-45CD-BE3C-001E23844DE8}.Debug|Any CPU.Build.0 = Debug|Any CPU
		{840384E1-ADAF-45CD-BE3C-001E23844DE8}.Release|Any CPU.ActiveCfg = Release|Any CPU
		{840384E1-ADAF-45CD-BE3C-001E23844DE8}.Release|Any CPU.Build.0 = Release|Any CPU
		{4D05AB04-948F-42FD-8AD0-1FCE83F3CA34}.Debug|Any CPU.ActiveCfg = Debug|Any CPU
		{4D05AB04-948F-42FD-8AD0-1FCE83F3CA34}.Debug|Any CPU.Build.0 = Debug|Any CPU
		{4D05AB04-948F-42FD-8AD0-1FCE83F3CA34}.Release|Any CPU.ActiveCfg = Release|Any CPU
		{4D05AB04-948F-42FD-8AD0-1FCE83F3CA34}.Release|Any CPU.Build.0 = Release|Any CPU
	EndGlobalSection
	GlobalSection(SolutionProperties) = preSolution
		HideSolutionNode = FALSE
	EndGlobalSection
	GlobalSection(ExtensibilityGlobals) = postSolution
		SolutionGuid = {953760A8-377C-4305-B243-08B4D29A5032}
	EndGlobalSection
EndGlobal
